
Microsoft Visual Studio Solution File, Format Version 12.00
# Visual Studio Version 17
VisualStudioVersion = 17.8.34316.72
MinimumVisualStudioVersion = 10.0.40219.1
Project("{9A19103F-16F7-4668-BE54-9A1E7A4F7556}") = "ObjectPoolPattern", "src\ObjectPoolPattern.csproj", "{6236953E-588B-45EA-AA82-45AF5AE63CE5}"
EndProject
Project("{9A19103F-16F7-4668-BE54-9A1E7A4F7556}") = "Tests", "tests\Tests.csproj", "{F61FAE9C-2C3C-47C5-A222-D15EE3EAA5FE}"
EndProject
Global
	GlobalSection(SolutionConfigurationPlatforms) = preSolution
		Debug|Any CPU = Debug|Any CPU
		Release|Any CPU = Release|Any CPU
	EndGlobalSection
	GlobalSection(ProjectConfigurationPlatforms) = postSolution
		{6236953E-588B-45EA-AA82-45AF5AE63CE5}.Debug|Any CPU.ActiveCfg = Debug|Any CPU
		{6236953E-588B-45EA-AA82-45AF5AE63CE5}.Debug|Any CPU.Build.0 = Debug|Any CPU
		{6236953E-588B-45EA-AA82-45AF5AE63CE5}.Release|Any CPU.ActiveCfg = Release|Any CPU
		{6236953E-588B-45EA-AA82-45AF5AE63CE5}.Release|Any CPU.Build.0 = Release|Any CPU
		{F61FAE9C-2C3C-47C5-A222-D15EE3EAA5FE}.Debug|Any CPU.ActiveCfg = Debug|Any CPU
		{F61FAE9C-2C3C-47C5-A222-D15EE3EAA5FE}.Debug|Any CPU.Build.0 = Debug|Any CPU
		{F61FAE9C-2C3C-47C5-A222-D15EE3EAA5FE}.Release|Any CPU.ActiveCfg = Release|Any CPU
		{F61FAE9C-2C3C-47C5-A222-D15EE3EAA5FE}.Release|Any CPU.Build.0 = Release|Any CPU
	EndGlobalSection
	GlobalSection(SolutionProperties) = preSolution
		HideSolutionNode = FALSE
	EndGlobalSection
	GlobalSection(ExtensibilityGlobals) = postSolution
		SolutionGuid = {79C06052-4FE9-4FA0-B511-CEA1DC5289A9}
	EndGlobalSection
EndGlobal
